{
  "requires": true,
  "lockfileVersion": 1,
  "dependencies": {
    "@minui/wxc-cc": {
      "version": "1.0.3",
      "resolved": "https://registry.npmjs.org/@minui/wxc-cc/-/wxc-cc-1.0.3.tgz",
      "integrity": "sha512-k1ZsAlVclGZrA0yqZOP/BH+rce4JTbctaPAg++jURiqVgGtOQJMRl6ogCZtM5pdHK0mpzAWWlKxcRMBangPp8A==",
      "requires": {
        "@minui/wxc-flex": "1.0.5"
      }
    },
    "@minui/wxc-flex": {
      "version": "1.0.5",
      "resolved": "https://registry.npmjs.org/@minui/wxc-flex/-/wxc-flex-1.0.5.tgz",
      "integrity": "sha512-27VVhTP5s1f1G1ioi3o9/P98IW8h/gWNp+QpbKyjMIsHSs3CccTYSu5lxq5tJc1IDVEHusx4w0O+XsT1flBjZg=="
    },
    "@minui/wxc-icon": {
      "version": "1.0.8",
      "resolved": "http://registry.npm.taobao.org/@minui/wxc-icon/download/@minui/wxc-icon-1.0.8.tgz",
      "integrity": "sha1-kw1AUarffo7+KNtRGAGEtcudRRo="
    },
    "@minui/wxc-toast": {
      "version": "1.0.8",
      "resolved": "http://registry.npm.taobao.org/@minui/wxc-toast/download/@minui/wxc-toast-1.0.8.tgz",
      "integrity": "sha1-6Q74/LtzGXhd9NHCoqaH9b4r/R4=",
      "requires": {
        "@minui/wxc-icon": "1.0.8"
      }
    }
  }
}
